
Microsoft Visual Studio Solution File, Format Version 12.00
# Visual Studio Version 17
VisualStudioVersion = 17.2.32519.379
MinimumVisualStudioVersion = 10.0.40219.1
Project("{FAE04EC0-301F-11D3-BF4B-00C04F79EFBC}") = "EjercicioMatrizDosDimencionesNumerica", "EjercicioMatrizDosDimencionesNumerica\EjercicioMatrizDosDimencionesNumerica.csproj", "{61767013-2213-4F6E-AA75-43429ADDFDFD}"
EndProject
Global
	GlobalSection(SolutionConfigurationPlatforms) = preSolution
		Debug|Any CPU = Debug|Any CPU
		Release|Any CPU = Release|Any CPU
	EndGlobalSection
	GlobalSection(ProjectConfigurationPlatforms) = postSolution
		{61767013-2213-4F6E-AA75-43429ADDFDFD}.Debug|Any CPU.ActiveCfg = Debug|Any CPU
		{61767013-2213-4F6E-AA75-43429ADDFDFD}.Debug|Any CPU.Build.0 = Debug|Any CPU
		{61767013-2213-4F6E-AA75-43429ADDFDFD}.Release|Any CPU.ActiveCfg = Release|Any CPU
		{61767013-2213-4F6E-AA75-43429ADDFDFD}.Release|Any CPU.Build.0 = Release|Any CPU
	EndGlobalSection
	GlobalSection(SolutionProperties) = preSolution
		HideSolutionNode = FALSE
	EndGlobalSection
	GlobalSection(ExtensibilityGlobals) = postSolution
		SolutionGuid = {B1B5C015-8BAE-4E3C-BC05-59F20F304CC4}
	EndGlobalSection
EndGlobal
