
Microsoft Visual Studio Solution File, Format Version 12.00
# Visual Studio Version 17
VisualStudioVersion = 17.2.32519.379
MinimumVisualStudioVersion = 10.0.40219.1
Project("{FAE04EC0-301F-11D3-BF4B-00C04F79EFBC}") = "EjercicioVectorInvertido", "EjercicioVectorInvertido\EjercicioVectorInvertido.csproj", "{57FA9041-9723-4AF1-978B-66A8AB5211BB}"
EndProject
Global
	GlobalSection(SolutionConfigurationPlatforms) = preSolution
		Debug|Any CPU = Debug|Any CPU
		Release|Any CPU = Release|Any CPU
	EndGlobalSection
	GlobalSection(ProjectConfigurationPlatforms) = postSolution
		{57FA9041-9723-4AF1-978B-66A8AB5211BB}.Debug|Any CPU.ActiveCfg = Debug|Any CPU
		{57FA9041-9723-4AF1-978B-66A8AB5211BB}.Debug|Any CPU.Build.0 = Debug|Any CPU
		{57FA9041-9723-4AF1-978B-66A8AB5211BB}.Release|Any CPU.ActiveCfg = Release|Any CPU
		{57FA9041-9723-4AF1-978B-66A8AB5211BB}.Release|Any CPU.Build.0 = Release|Any CPU
	EndGlobalSection
	GlobalSection(SolutionProperties) = preSolution
		HideSolutionNode = FALSE
	EndGlobalSection
	GlobalSection(ExtensibilityGlobals) = postSolution
		SolutionGuid = {5599FFFF-4E51-4DCC-9342-C7DE7AF88FDC}
	EndGlobalSection
EndGlobal
